// !$*UTF8*$!
{
	archiveVersion = 1;
	classes = {
	};
	objectVersion = 46;
	objects = {

/* Begin PBXBuildFile section */
		551CD5941CFD828B00378B65 /* YearCollectionVC.swift in Sources */ = {isa = PBXBuildFile; fileRef = 551CD5931CFD828B00378B65 /* YearCollectionVC.swift */; };
		551CD5981CFD86B900378B65 /* PDHelper.swift in Sources */ = {isa = PBXBuildFile; fileRef = 551CD5971CFD86B900378B65 /* PDHelper.swift */; };
		551CD59B1CFD8E4100378B65 /* iDailyAnimator.swift in Sources */ = {isa = PBXBuildFile; fileRef = 551CD59A1CFD8E4100378B65 /* iDailyAnimator.swift */; };
		551CD59D1CFDA14200378B65 /* iDailyCollectionViewCell.swift in Sources */ = {isa = PBXBuildFile; fileRef = 551CD59C1CFDA14200378B65 /* iDailyCollectionViewCell.swift */; };
		551CD59F1CFDA1F800378B65 /* MonthDayCollectionVC.swift in Sources */ = {isa = PBXBuildFile; fileRef = 551CD59E1CFDA1F800378B65 /* MonthDayCollectionVC.swift */; };
		552D84F91CFFF1E400BA8FFB /* PDStartPageVC.swift in Sources */ = {isa = PBXBuildFile; fileRef = 552D84F81CFFF1E400BA8FFB /* PDStartPageVC.swift */; };
		552D84FB1CFFF3BD00BA8FFB /* PDLoginVC.swift in Sources */ = {isa = PBXBuildFile; fileRef = 552D84FA1CFFF3BD00BA8FFB /* PDLoginVC.swift */; };
		552D85091D00083B00BA8FFB /* SSASideMenu.swift in Sources */ = {isa = PBXBuildFile; fileRef = 552D85081D00083B00BA8FFB /* SSASideMenu.swift */; };
		552D850B1D00094900BA8FFB /* PDProfile.swift in Sources */ = {isa = PBXBuildFile; fileRef = 552D850A1D00094900BA8FFB /* PDProfile.swift */; };
		556CF3F61CFCB3F100B1D7D9 /* AppDelegate.swift in Sources */ = {isa = PBXBuildFile; fileRef = 556CF3F51CFCB3F100B1D7D9 /* AppDelegate.swift */; };
		556CF3F81CFCB3F100B1D7D9 /* PDHomeCollectionVC.swift in Sources */ = {isa = PBXBuildFile; fileRef = 556CF3F71CFCB3F100B1D7D9 /* PDHomeCollectionVC.swift */; };
		556CF3FB1CFCB3F100B1D7D9 /* Main.storyboard in Resources */ = {isa = PBXBuildFile; fileRef = 556CF3F91CFCB3F100B1D7D9 /* Main.storyboard */; };
		556CF3FE1CFCB3F100B1D7D9 /* iDaily.xcdatamodeld in Sources */ = {isa = PBXBuildFile; fileRef = 556CF3FC1CFCB3F100B1D7D9 /* iDaily.xcdatamodeld */; };
		556CF4001CFCB3F100B1D7D9 /* Assets.xcassets in Resources */ = {isa = PBXBuildFile; fileRef = 556CF3FF1CFCB3F100B1D7D9 /* Assets.xcassets */; };
		556CF4031CFCB3F100B1D7D9 /* LaunchScreen.storyboard in Resources */ = {isa = PBXBuildFile; fileRef = 556CF4011CFCB3F100B1D7D9 /* LaunchScreen.storyboard */; };
		556CF40B1CFD274C00B1D7D9 /* iDailyLabel.swift in Sources */ = {isa = PBXBuildFile; fileRef = 556CF40A1CFD274C00B1D7D9 /* iDailyLabel.swift */; };
		55B71DB51CFD5520008BC3B6 /* XinQingNianTi.otf in Resources */ = {isa = PBXBuildFile; fileRef = 55B71DB41CFD5520008BC3B6 /* XinQingNianTi.otf */; };
		55B71DB71CFD58BE008BC3B6 /* HomeYearCollectionViewCell.swift in Sources */ = {isa = PBXBuildFile; fileRef = 55B71DB61CFD58BE008BC3B6 /* HomeYearCollectionViewCell.swift */; };
		55B71DB91CFD5CBE008BC3B6 /* iDailyLayout.swift in Sources */ = {isa = PBXBuildFile; fileRef = 55B71DB81CFD5CBE008BC3B6 /* iDailyLayout.swift */; };
		55B71DBB1CFD65CB008BC3B6 /* GuTiFangSong.otf in Resources */ = {isa = PBXBuildFile; fileRef = 55B71DBA1CFD65CB008BC3B6 /* GuTiFangSong.otf */; };
		55D6CF381CFDFE9300911347 /* PDComposeVC.swift in Sources */ = {isa = PBXBuildFile; fileRef = 55D6CF371CFDFE9300911347 /* PDComposeVC.swift */; };
		55D6CF3A1CFE0A3E00911347 /* PDLocationHelper.swift in Sources */ = {isa = PBXBuildFile; fileRef = 55D6CF391CFE0A3E00911347 /* PDLocationHelper.swift */; };
		55D6CF3C1CFE6B9D00911347 /* PDDiaryVC.swift in Sources */ = {isa = PBXBuildFile; fileRef = 55D6CF3B1CFE6B9D00911347 /* PDDiaryVC.swift */; };
		55D6CF3F1CFE6C3300911347 /* PDDiary.swift in Sources */ = {isa = PBXBuildFile; fileRef = 55D6CF3E1CFE6C3300911347 /* PDDiary.swift */; };
		55D6CF411CFE742500911347 /* template.html in Resources */ = {isa = PBXBuildFile; fileRef = 55D6CF401CFE742500911347 /* template.html */; };
		55DDA8071CFDBD0900F0479F /* PDNavController.swift in Sources */ = {isa = PBXBuildFile; fileRef = 55DDA8061CFDBD0900F0479F /* PDNavController.swift */; };
/* End PBXBuildFile section */

/* Begin PBXFileReference section */
		551CD5931CFD828B00378B65 /* YearCollectionVC.swift */ = {isa = PBXFileReference; fileEncoding = 4; lastKnownFileType = sourcecode.swift; path = YearCollectionVC.swift; sourceTree = "<group>"; };
		551CD5971CFD86B900378B65 /* PDHelper.swift */ = {isa = PBXFileReference; fileEncoding = 4; lastKnownFileType = sourcecode.swift; path = PDHelper.swift; sourceTree = "<group>"; };
		551CD59A1CFD8E4100378B65 /* iDailyAnimator.swift */ = {isa = PBXFileReference; fileEncoding = 4; lastKnownFileType = sourcecode.swift; path = iDailyAnimator.swift; sourceTree = "<group>"; };
		551CD59C1CFDA14200378B65 /* iDailyCollectionViewCell.swift */ = {isa = PBXFileReference; fileEncoding = 4; lastKnownFileType = sourcecode.swift; path = iDailyCollectionViewCell.swift; sourceTree = "<group>"; };
		551CD59E1CFDA1F800378B65 /* MonthDayCollectionVC.swift */ = {isa = PBXFileReference; fileEncoding = 4; lastKnownFileType = sourcecode.swift; path = MonthDayCollectionVC.swift; sourceTree = "<group>"; };
		552D84F81CFFF1E400BA8FFB /* PDStartPageVC.swift */ = {isa = PBXFileReference; fileEncoding = 4; lastKnownFileType = sourcecode.swift; path = PDStartPageVC.swift; sourceTree = "<group>"; };
		552D84FA1CFFF3BD00BA8FFB /* PDLoginVC.swift */ = {isa = PBXFileReference; fileEncoding = 4; lastKnownFileType = sourcecode.swift; path = PDLoginVC.swift; sourceTree = "<group>"; };
		552D85081D00083B00BA8FFB /* SSASideMenu.swift */ = {isa = PBXFileReference; fileEncoding = 4; lastKnownFileType = sourcecode.swift; name = SSASideMenu.swift; path = iDaily/SSASideMenu.swift; sourceTree = "<group>"; };
		552D850A1D00094900BA8FFB /* PDProfile.swift */ = {isa = PBXFileReference; fileEncoding = 4; lastKnownFileType = sourcecode.swift; path = PDProfile.swift; sourceTree = "<group>"; };
		552D852F1D00367D00BA8FFB /* iDaily-Bridging-Header.h */ = {isa = PBXFileReference; lastKnownFileType = sourcecode.c.h; path = "iDaily-Bridging-Header.h"; sourceTree = "<group>"; };
		556CF3F21CFCB3F100B1D7D9 /* iDaily.app */ = {isa = PBXFileReference; explicitFileType = wrapper.application; includeInIndex = 0; path = iDaily.app; sourceTree = BUILT_PRODUCTS_DIR; };
		556CF3F51CFCB3F100B1D7D9 /* AppDelegate.swift */ = {isa = PBXFileReference; lastKnownFileType = sourcecode.swift; path = AppDelegate.swift; sourceTree = "<group>"; };
		556CF3F71CFCB3F100B1D7D9 /* PDHomeCollectionVC.swift */ = {isa = PBXFileReference; lastKnownFileType = sourcecode.swift; path = PDHomeCollectionVC.swift; sourceTree = "<group>"; };
		556CF3FA1CFCB3F100B1D7D9 /* Base */ = {isa = PBXFileReference; lastKnownFileType = file.storyboard; name = Base; path = Base.lproj/Main.storyboard; sourceTree = "<group>"; };
		556CF3FD1CFCB3F100B1D7D9 /* iDaily.xcdatamodel */ = {isa = PBXFileReference; lastKnownFileType = wrapper.xcdatamodel; path = iDaily.xcdatamodel; sourceTree = "<group>"; };
		556CF3FF1CFCB3F100B1D7D9 /* Assets.xcassets */ = {isa = PBXFileReference; lastKnownFileType = folder.assetcatalog; path = Assets.xcassets; sourceTree = "<group>"; };
		556CF4021CFCB3F100B1D7D9 /* Base */ = {isa = PBXFileReference; lastKnownFileType = file.storyboard; name = Base; path = Base.lproj/LaunchScreen.storyboard; sourceTree = "<group>"; };
		556CF4041CFCB3F100B1D7D9 /* Info.plist */ = {isa = PBXFileReference; lastKnownFileType = text.plist.xml; path = Info.plist; sourceTree = "<group>"; };
		556CF40A1CFD274C00B1D7D9 /* iDailyLabel.swift */ = {isa = PBXFileReference; fileEncoding = 4; lastKnownFileType = sourcecode.swift; path = iDailyLabel.swift; sourceTree = "<group>"; };
		55B71DB41CFD5520008BC3B6 /* XinQingNianTi.otf */ = {isa = PBXFileReference; lastKnownFileType = file; path = XinQingNianTi.otf; sourceTree = "<group>"; };
		55B71DB61CFD58BE008BC3B6 /* HomeYearCollectionViewCell.swift */ = {isa = PBXFileReference; fileEncoding = 4; lastKnownFileType = sourcecode.swift; path = HomeYearCollectionViewCell.swift; sourceTree = "<group>"; };
		55B71DB81CFD5CBE008BC3B6 /* iDailyLayout.swift */ = {isa = PBXFileReference; fileEncoding = 4; lastKnownFileType = sourcecode.swift; path = iDailyLayout.swift; sourceTree = "<group>"; };
		55B71DBA1CFD65CB008BC3B6 /* GuTiFangSong.otf */ = {isa = PBXFileReference; lastKnownFileType = file; path = GuTiFangSong.otf; sourceTree = "<group>"; };
		55D6CF371CFDFE9300911347 /* PDComposeVC.swift */ = {isa = PBXFileReference; fileEncoding = 4; lastKnownFileType = sourcecode.swift; path = PDComposeVC.swift; sourceTree = "<group>"; };
		55D6CF391CFE0A3E00911347 /* PDLocationHelper.swift */ = {isa = PBXFileReference; fileEncoding = 4; lastKnownFileType = sourcecode.swift; path = PDLocationHelper.swift; sourceTree = "<group>"; };
		55D6CF3B1CFE6B9D00911347 /* PDDiaryVC.swift */ = {isa = PBXFileReference; fileEncoding = 4; lastKnownFileType = sourcecode.swift; path = PDDiaryVC.swift; sourceTree = "<group>"; };
		55D6CF3E1CFE6C3300911347 /* PDDiary.swift */ = {isa = PBXFileReference; fileEncoding = 4; lastKnownFileType = sourcecode.swift; path = PDDiary.swift; sourceTree = "<group>"; };
		55D6CF401CFE742500911347 /* template.html */ = {isa = PBXFileReference; fileEncoding = 4; lastKnownFileType = text.html; path = template.html; sourceTree = "<group>"; };
		55DDA8061CFDBD0900F0479F /* PDNavController.swift */ = {isa = PBXFileReference; fileEncoding = 4; lastKnownFileType = sourcecode.swift; path = PDNavController.swift; sourceTree = "<group>"; };
/* End PBXFileReference section */

/* Begin PBXFrameworksBuildPhase section */
		556CF3EF1CFCB3F100B1D7D9 /* Frameworks */ = {
			isa = PBXFrameworksBuildPhase;
			buildActionMask = 2147483647;
			files = (
			);
			runOnlyForDeploymentPostprocessing = 0;
		};
/* End PBXFrameworksBuildPhase section */

/* Begin PBXGroup section */
		551CD5921CFD71F200378B65 /* Resources */ = {
			isa = PBXGroup;
			children = (
				55D6CF401CFE742500911347 /* template.html */,
				55B71DBA1CFD65CB008BC3B6 /* GuTiFangSong.otf */,
				55B71DB41CFD5520008BC3B6 /* XinQingNianTi.otf */,
				556CF3FF1CFCB3F100B1D7D9 /* Assets.xcassets */,
			);
			name = Resources;
			sourceTree = "<group>";
		};
		551CD5951CFD865B00378B65 /* Controllers */ = {
			isa = PBXGroup;
			children = (
				552D84F81CFFF1E400BA8FFB /* PDStartPageVC.swift */,
				552D84FA1CFFF3BD00BA8FFB /* PDLoginVC.swift */,
				552D850A1D00094900BA8FFB /* PDProfile.swift */,
				55DDA8061CFDBD0900F0479F /* PDNavController.swift */,
				556CF3F71CFCB3F100B1D7D9 /* PDHomeCollectionVC.swift */,
				551CD5931CFD828B00378B65 /* YearCollectionVC.swift */,
				551CD59E1CFDA1F800378B65 /* MonthDayCollectionVC.swift */,
				55D6CF3B1CFE6B9D00911347 /* PDDiaryVC.swift */,
				55D6CF371CFDFE9300911347 /* PDComposeVC.swift */,
			);
			name = Controllers;
			sourceTree = "<group>";
		};
		551CD5961CFD867700378B65 /* Views */ = {
			isa = PBXGroup;
			children = (
				556CF40A1CFD274C00B1D7D9 /* iDailyLabel.swift */,
				55B71DB81CFD5CBE008BC3B6 /* iDailyLayout.swift */,
				551CD59A1CFD8E4100378B65 /* iDailyAnimator.swift */,
				551CD5A01CFDA43100378B65 /* Cells */,
			);
			name = Views;
			sourceTree = "<group>";
		};
		551CD5A01CFDA43100378B65 /* Cells */ = {
			isa = PBXGroup;
			children = (
				551CD59C1CFDA14200378B65 /* iDailyCollectionViewCell.swift */,
				55B71DB61CFD58BE008BC3B6 /* HomeYearCollectionViewCell.swift */,
			);
			name = Cells;
			sourceTree = "<group>";
		};
		552D85071D00081900BA8FFB /* Libs */ = {
			isa = PBXGroup;
			children = (
				552D85081D00083B00BA8FFB /* SSASideMenu.swift */,
			);
			name = Libs;
			sourceTree = "<group>";
		};
		556CF3E91CFCB3F100B1D7D9 = {
			isa = PBXGroup;
			children = (
				552D85071D00081900BA8FFB /* Libs */,
				556CF3F41CFCB3F100B1D7D9 /* iDaily */,
				556CF3F31CFCB3F100B1D7D9 /* Products */,
				552D852F1D00367D00BA8FFB /* iDaily-Bridging-Header.h */,
			);
			sourceTree = "<group>";
		};
		556CF3F31CFCB3F100B1D7D9 /* Products */ = {
			isa = PBXGroup;
			children = (
				556CF3F21CFCB3F100B1D7D9 /* iDaily.app */,
			);
			name = Products;
			sourceTree = "<group>";
		};
		556CF3F41CFCB3F100B1D7D9 /* iDaily */ = {
			isa = PBXGroup;
			children = (
				556CF3F51CFCB3F100B1D7D9 /* AppDelegate.swift */,
				55C0A4DB1CFE97D1008B54DD /* Helpers */,
				551CD5961CFD867700378B65 /* Views */,
				551CD5951CFD865B00378B65 /* Controllers */,
				55D6CF3D1CFE6C0E00911347 /* Models */,
				557901061CFD339C00D1A97D /* Supporting Files */,
				551CD5921CFD71F200378B65 /* Resources */,
			);
			path = iDaily;
			sourceTree = "<group>";
		};
		557901061CFD339C00D1A97D /* Supporting Files */ = {
			isa = PBXGroup;
			children = (
				556CF4041CFCB3F100B1D7D9 /* Info.plist */,
				556CF3FC1CFCB3F100B1D7D9 /* iDaily.xcdatamodeld */,
				556CF3F91CFCB3F100B1D7D9 /* Main.storyboard */,
				556CF4011CFCB3F100B1D7D9 /* LaunchScreen.storyboard */,
			);
			name = "Supporting Files";
			sourceTree = "<group>";
		};
		55C0A4DB1CFE97D1008B54DD /* Helpers */ = {
			isa = PBXGroup;
			children = (
				551CD5971CFD86B900378B65 /* PDHelper.swift */,
				55D6CF391CFE0A3E00911347 /* PDLocationHelper.swift */,
			);
			name = Helpers;
			sourceTree = "<group>";
		};
		55D6CF3D1CFE6C0E00911347 /* Models */ = {
			isa = PBXGroup;
			children = (
				55D6CF3E1CFE6C3300911347 /* PDDiary.swift */,
			);
			name = Models;
			sourceTree = "<group>";
		};
/* End PBXGroup section */

/* Begin PBXNativeTarget section */
		556CF3F11CFCB3F100B1D7D9 /* iDaily */ = {
			isa = PBXNativeTarget;
			buildConfigurationList = 556CF4071CFCB3F100B1D7D9 /* Build configuration list for PBXNativeTarget "iDaily" */;
			buildPhases = (
				556CF3EE1CFCB3F100B1D7D9 /* Sources */,
				556CF3EF1CFCB3F100B1D7D9 /* Frameworks */,
				556CF3F01CFCB3F100B1D7D9 /* Resources */,
			);
			buildRules = (
			);
			dependencies = (
			);
			name = iDaily;
			productName = iDaily;
			productReference = 556CF3F21CFCB3F100B1D7D9 /* iDaily.app */;
			productType = "com.apple.product-type.application";
		};
/* End PBXNativeTarget section */

/* Begin PBXProject section */
		556CF3EA1CFCB3F100B1D7D9 /* Project object */ = {
			isa = PBXProject;
			attributes = {
				LastSwiftUpdateCheck = 0730;
				LastUpgradeCheck = 0730;
				ORGANIZATIONNAME = Poodar;
				TargetAttributes = {
					556CF3F11CFCB3F100B1D7D9 = {
						CreatedOnToolsVersion = 7.3.1;
						DevelopmentTeam = G84KAMQJ6C;
					};
				};
			};
			buildConfigurationList = 556CF3ED1CFCB3F100B1D7D9 /* Build configuration list for PBXProject "iDaily" */;
			compatibilityVersion = "Xcode 3.2";
			developmentRegion = English;
			hasScannedForEncodings = 0;
			knownRegions = (
				en,
				Base,
			);
			mainGroup = 556CF3E91CFCB3F100B1D7D9;
			productRefGroup = 556CF3F31CFCB3F100B1D7D9 /* Products */;
			projectDirPath = "";
			projectRoot = "";
			targets = (
				556CF3F11CFCB3F100B1D7D9 /* iDaily */,
			);
		};
/* End PBXProject section */

/* Begin PBXResourcesBuildPhase section */
		556CF3F01CFCB3F100B1D7D9 /* Resources */ = {
			isa = PBXResourcesBuildPhase;
			buildActionMask = 2147483647;
			files = (
				556CF4031CFCB3F100B1D7D9 /* LaunchScreen.storyboard in Resources */,
				55B71DBB1CFD65CB008BC3B6 /* GuTiFangSong.otf in Resources */,
				556CF4001CFCB3F100B1D7D9 /* Assets.xcassets in Resources */,
				55B71DB51CFD5520008BC3B6 /* XinQingNianTi.otf in Resources */,
				55D6CF411CFE742500911347 /* template.html in Resources */,
				556CF3FB1CFCB3F100B1D7D9 /* Main.storyboard in Resources */,
			);
			runOnlyForDeploymentPostprocessing = 0;
		};
/* End PBXResourcesBuildPhase section */

/* Begin PBXSourcesBuildPhase section */
		556CF3EE1CFCB3F100B1D7D9 /* Sources */ = {
			isa = PBXSourcesBuildPhase;
			buildActionMask = 2147483647;
			files = (
				556CF40B1CFD274C00B1D7D9 /* iDailyLabel.swift in Sources */,
				55DDA8071CFDBD0900F0479F /* PDNavController.swift in Sources */,
				55B71DB91CFD5CBE008BC3B6 /* iDailyLayout.swift in Sources */,
				551CD59D1CFDA14200378B65 /* iDailyCollectionViewCell.swift in Sources */,
				552D850B1D00094900BA8FFB /* PDProfile.swift in Sources */,
				551CD59B1CFD8E4100378B65 /* iDailyAnimator.swift in Sources */,
				55D6CF3F1CFE6C3300911347 /* PDDiary.swift in Sources */,
				556CF3FE1CFCB3F100B1D7D9 /* iDaily.xcdatamodeld in Sources */,
				556CF3F81CFCB3F100B1D7D9 /* PDHomeCollectionVC.swift in Sources */,
				552D85091D00083B00BA8FFB /* SSASideMenu.swift in Sources */,
				556CF3F61CFCB3F100B1D7D9 /* AppDelegate.swift in Sources */,
				55D6CF3A1CFE0A3E00911347 /* PDLocationHelper.swift in Sources */,
				552D84FB1CFFF3BD00BA8FFB /* PDLoginVC.swift in Sources */,
				55D6CF381CFDFE9300911347 /* PDComposeVC.swift in Sources */,
				551CD5981CFD86B900378B65 /* PDHelper.swift in Sources */,
				551CD5941CFD828B00378B65 /* YearCollectionVC.swift in Sources */,
				55D6CF3C1CFE6B9D00911347 /* PDDiaryVC.swift in Sources */,
				55B71DB71CFD58BE008BC3B6 /* HomeYearCollectionViewCell.swift in Sources */,
				552D84F91CFFF1E400BA8FFB /* PDStartPageVC.swift in Sources */,
				551CD59F1CFDA1F800378B65 /* MonthDayCollectionVC.swift in Sources */,
			);
			runOnlyForDeploymentPostprocessing = 0;
		};
/* End PBXSourcesBuildPhase section */

/* Begin PBXVariantGroup section */
		556CF3F91CFCB3F100B1D7D9 /* Main.storyboard */ = {
			isa = PBXVariantGroup;
			children = (
				556CF3FA1CFCB3F100B1D7D9 /* Base */,
			);
			name = Main.storyboard;
			sourceTree = "<group>";
		};
		556CF4011CFCB3F100B1D7D9 /* LaunchScreen.storyboard */ = {
			isa = PBXVariantGroup;
			children = (
				556CF4021CFCB3F100B1D7D9 /* Base */,
			);
			name = LaunchScreen.storyboard;
			sourceTree = "<group>";
		};
/* End PBXVariantGroup section */

/* Begin XCBuildConfiguration section */
		556CF4051CFCB3F100B1D7D9 /* Debug */ = {
			isa = XCBuildConfiguration;
			buildSettings = {
				ALWAYS_SEARCH_USER_PATHS = NO;
				CLANG_ANALYZER_NONNULL = YES;
				CLANG_CXX_LANGUAGE_STANDARD = "gnu++0x";
				CLANG_CXX_LIBRARY = "libc++";
				CLANG_ENABLE_MODULES = YES;
				CLANG_ENABLE_OBJC_ARC = YES;
				CLANG_WARN_BOOL_CONVERSION = YES;
				CLANG_WARN_CONSTANT_CONVERSION = YES;
				CLANG_WARN_DIRECT_OBJC_ISA_USAGE = YES_ERROR;
				CLANG_WARN_EMPTY_BODY = YES;
				CLANG_WARN_ENUM_CONVERSION = YES;
				CLANG_WARN_INT_CONVERSION = YES;
				CLANG_WARN_OBJC_ROOT_CLASS = YES_ERROR;
				CLANG_WARN_UNREACHABLE_CODE = YES;
				CLANG_WARN__DUPLICATE_METHOD_MATCH = YES;
				"CODE_SIGN_IDENTITY[sdk=iphoneos*]" = "iPhone Developer";
				COPY_PHASE_STRIP = NO;
				DEBUG_INFORMATION_FORMAT = dwarf;
				ENABLE_STRICT_OBJC_MSGSEND = YES;
				ENABLE_TESTABILITY = YES;
				GCC_C_LANGUAGE_STANDARD = gnu99;
				GCC_DYNAMIC_NO_PIC = NO;
				GCC_NO_COMMON_BLOCKS = YES;
				GCC_OPTIMIZATION_LEVEL = 0;
				GCC_PREPROCESSOR_DEFINITIONS = (
					"DEBUG=1",
					"$(inherited)",
				);
				GCC_WARN_64_TO_32_BIT_CONVERSION = YES;
				GCC_WARN_ABOUT_RETURN_TYPE = YES_ERROR;
				GCC_WARN_UNDECLARED_SELECTOR = YES;
				GCC_WARN_UNINITIALIZED_AUTOS = YES_AGGRESSIVE;
				GCC_WARN_UNUSED_FUNCTION = YES;
				GCC_WARN_UNUSED_VARIABLE = YES;
				IPHONEOS_DEPLOYMENT_TARGET = 8.3;
				MTL_ENABLE_DEBUG_INFO = YES;
				ONLY_ACTIVE_ARCH = YES;
				SDKROOT = iphoneos;
				SWIFT_OPTIMIZATION_LEVEL = "-Onone";
			};
			name = Debug;
		};
		556CF4061CFCB3F100B1D7D9 /* Release */ = {
			isa = XCBuildConfiguration;
			buildSettings = {
				ALWAYS_SEARCH_USER_PATHS = NO;
				CLANG_ANALYZER_NONNULL = YES;
				CLANG_CXX_LANGUAGE_STANDARD = "gnu++0x";
				CLANG_CXX_LIBRARY = "libc++";
				CLANG_ENABLE_MODULES = YES;
				CLANG_ENABLE_OBJC_ARC = YES;
				CLANG_WARN_BOOL_CONVERSION = YES;
				CLANG_WARN_CONSTANT_CONVERSION = YES;
				CLANG_WARN_DIRECT_OBJC_ISA_USAGE = YES_ERROR;
				CLANG_WARN_EMPTY_BODY = YES;
				CLANG_WARN_ENUM_CONVERSION = YES;
				CLANG_WARN_INT_CONVERSION = YES;
				CLANG_WARN_OBJC_ROOT_CLASS = YES_ERROR;
				CLANG_WARN_UNREACHABLE_CODE = YES;
				CLANG_WARN__DUPLICATE_METHOD_MATCH = YES;
				"CODE_SIGN_IDENTITY[sdk=iphoneos*]" = "iPhone Developer";
				COPY_PHASE_STRIP = NO;
				DEBUG_INFORMATION_FORMAT = "dwarf-with-dsym";
				ENABLE_NS_ASSERTIONS = NO;
				ENABLE_STRICT_OBJC_MSGSEND = YES;
				GCC_C_LANGUAGE_STANDARD = gnu99;
				GCC_NO_COMMON_BLOCKS = YES;
				GCC_WARN_64_TO_32_BIT_CONVERSION = YES;
				GCC_WARN_ABOUT_RETURN_TYPE = YES_ERROR;
				GCC_WARN_UNDECLARED_SELECTOR = YES;
				GCC_WARN_UNINITIALIZED_AUTOS = YES_AGGRESSIVE;
				GCC_WARN_UNUSED_FUNCTION = YES;
				GCC_WARN_UNUSED_VARIABLE = YES;
				IPHONEOS_DEPLOYMENT_TARGET = 8.3;
				MTL_ENABLE_DEBUG_INFO = NO;
				SDKROOT = iphoneos;
				VALIDATE_PRODUCT = YES;
			};
			name = Release;
		};
		556CF4081CFCB3F100B1D7D9 /* Debug */ = {
			isa = XCBuildConfiguration;
			buildSettings = {
				ASSETCATALOG_COMPILER_APPICON_NAME = AppIcon;
				CLANG_ENABLE_MODULES = YES;
				INFOPLIST_FILE = iDaily/Info.plist;
				LD_RUNPATH_SEARCH_PATHS = "$(inherited) @executable_path/Frameworks";
				PRODUCT_BUNDLE_IDENTIFIER = me.poodar.iDaily;
				PRODUCT_NAME = "$(TARGET_NAME)";
				SWIFT_OBJC_BRIDGING_HEADER = "iDaily-Bridging-Header.h";
				SWIFT_OPTIMIZATION_LEVEL = "-Onone";
			};
			name = Debug;
		};
		556CF4091CFCB3F100B1D7D9 /* Release */ = {
			isa = XCBuildConfiguration;
			buildSettings = {
				ASSETCATALOG_COMPILER_APPICON_NAME = AppIcon;
				CLANG_ENABLE_MODULES = YES;
				INFOPLIST_FILE = iDaily/Info.plist;
				LD_RUNPATH_SEARCH_PATHS = "$(inherited) @executable_path/Frameworks";
				PRODUCT_BUNDLE_IDENTIFIER = me.poodar.iDaily;
				PRODUCT_NAME = "$(TARGET_NAME)";
				SWIFT_OBJC_BRIDGING_HEADER = "iDaily-Bridging-Header.h";
			};
			name = Release;
		};
/* End XCBuildConfiguration section */

/* Begin XCConfigurationList section */
		556CF3ED1CFCB3F100B1D7D9 /* Build configuration list for PBXProject "iDaily" */ = {
			isa = XCConfigurationList;
			buildConfigurations = (
				556CF4051CFCB3F100B1D7D9 /* Debug */,
				556CF4061CFCB3F100B1D7D9 /* Release */,
			);
			defaultConfigurationIsVisible = 0;
			defaultConfigurationName = Release;
		};
		556CF4071CFCB3F100B1D7D9 /* Build configuration list for PBXNativeTarget "iDaily" */ = {
			isa = XCConfigurationList;
			buildConfigurations = (
				556CF4081CFCB3F100B1D7D9 /* Debug */,
				556CF4091CFCB3F100B1D7D9 /* Release */,
			);
			defaultConfigurationIsVisible = 0;
			defaultConfigurationName = Release;
		};
/* End XCConfigurationList section */

/* Begin XCVersionGroup section */
		556CF3FC1CFCB3F100B1D7D9 /* iDaily.xcdatamodeld */ = {
			isa = XCVersionGroup;
			children = (
				556CF3FD1CFCB3F100B1D7D9 /* iDaily.xcdatamodel */,
			);
			currentVersion = 556CF3FD1CFCB3F100B1D7D9 /* iDaily.xcdatamodel */;
			path = iDaily.xcdatamodeld;
			sourceTree = "<group>";
			versionGroupType = wrapper.xcdatamodel;
		};
/* End XCVersionGroup section */
	};
	rootObject = 556CF3EA1CFCB3F100B1D7D9 /* Project object */;
}
